
Microsoft Visual Studio Solution File, Format Version 12.00
# Visual Studio Version 16
VisualStudioVersion = 16.0.29806.167
MinimumVisualStudioVersion = 10.0.40219.1
Project("{FAE04EC0-301F-11D3-BF4B-00C04F79EFBC}") = "SEDC.Homeworks03.Exercise05", "SEDC.Homeworks04.Exercise05\SEDC.Homeworks03.Exercise05.csproj", "{7739310C-64BE-45F0-AE46-0CA0128CE985}"
EndProject
Project("{FAE04EC0-301F-11D3-BF4B-00C04F79EFBC}") = "SEDC.Homeworks03.SumOfEven", "SEDC.Homeworks04.Homework01\SEDC.Homeworks03.SumOfEven.csproj", "{933479B0-F5D6-436F-99D4-C812C3234C33}"
EndProject
Project("{FAE04EC0-301F-11D3-BF4B-00C04F79EFBC}") = "SEDC.Homeworks03.StudentGroup", "SEDC.Homeworks03.StudentGroup\SEDC.Homeworks03.StudentGroup.csproj", "{57ACD63E-83D3-42E1-8D8E-D115C38956A2}"
EndProject
Global
	GlobalSection(SolutionConfigurationPlatforms) = preSolution
		Debug|Any CPU = Debug|Any CPU
		Release|Any CPU = Release|Any CPU
	EndGlobalSection
	GlobalSection(ProjectConfigurationPlatforms) = postSolution
		{7739310C-64BE-45F0-AE46-0CA0128CE985}.Debug|Any CPU.ActiveCfg = Debug|Any CPU
		{7739310C-64BE-45F0-AE46-0CA0128CE985}.Debug|Any CPU.Build.0 = Debug|Any CPU
		{7739310C-64BE-45F0-AE46-0CA0128CE985}.Release|Any CPU.ActiveCfg = Release|Any CPU
		{7739310C-64BE-45F0-AE46-0CA0128CE985}.Release|Any CPU.Build.0 = Release|Any CPU
		{933479B0-F5D6-436F-99D4-C812C3234C33}.Debug|Any CPU.ActiveCfg = Debug|Any CPU
		{933479B0-F5D6-436F-99D4-C812C3234C33}.Debug|Any CPU.Build.0 = Debug|Any CPU
		{933479B0-F5D6-436F-99D4-C812C3234C33}.Release|Any CPU.ActiveCfg = Release|Any CPU
		{933479B0-F5D6-436F-99D4-C812C3234C33}.Release|Any CPU.Build.0 = Release|Any CPU
		{57ACD63E-83D3-42E1-8D8E-D115C38956A2}.Debug|Any CPU.ActiveCfg = Debug|Any CPU
		{57ACD63E-83D3-42E1-8D8E-D115C38956A2}.Debug|Any CPU.Build.0 = Debug|Any CPU
		{57ACD63E-83D3-42E1-8D8E-D115C38956A2}.Release|Any CPU.ActiveCfg = Release|Any CPU
		{57ACD63E-83D3-42E1-8D8E-D115C38956A2}.Release|Any CPU.Build.0 = Release|Any CPU
	EndGlobalSection
	GlobalSection(SolutionProperties) = preSolution
		HideSolutionNode = FALSE
	EndGlobalSection
	GlobalSection(ExtensibilityGlobals) = postSolution
		SolutionGuid = {C5610884-279C-49BD-988A-7C0A011CB6EB}
	EndGlobalSection
EndGlobal
