
Microsoft Visual Studio Solution File, Format Version 12.00
# Visual Studio Version 16
VisualStudioVersion = 16.0.29905.134
MinimumVisualStudioVersion = 10.0.40219.1
Project("{FAE04EC0-301F-11D3-BF4B-00C04F79EFBC}") = "SEDC.Homework05.Task01", "SEDC.Homework05.Task01\SEDC.Homework05.Task01.csproj", "{E1477818-F0CD-4ECB-8F7F-6499694137B1}"
EndProject
Project("{FAE04EC0-301F-11D3-BF4B-00C04F79EFBC}") = "SEDC.Homework05.Task02", "SEDC.Homework05.Task02\SEDC.Homework05.Task02.csproj", "{8AC7F525-2B1D-4CDB-9150-EF6366C55EBC}"
EndProject
Global
	GlobalSection(SolutionConfigurationPlatforms) = preSolution
		Debug|Any CPU = Debug|Any CPU
		Release|Any CPU = Release|Any CPU
	EndGlobalSection
	GlobalSection(ProjectConfigurationPlatforms) = postSolution
		{E1477818-F0CD-4ECB-8F7F-6499694137B1}.Debug|Any CPU.ActiveCfg = Debug|Any CPU
		{E1477818-F0CD-4ECB-8F7F-6499694137B1}.Debug|Any CPU.Build.0 = Debug|Any CPU
		{E1477818-F0CD-4ECB-8F7F-6499694137B1}.Release|Any CPU.ActiveCfg = Release|Any CPU
		{E1477818-F0CD-4ECB-8F7F-6499694137B1}.Release|Any CPU.Build.0 = Release|Any CPU
		{8AC7F525-2B1D-4CDB-9150-EF6366C55EBC}.Debug|Any CPU.ActiveCfg = Debug|Any CPU
		{8AC7F525-2B1D-4CDB-9150-EF6366C55EBC}.Debug|Any CPU.Build.0 = Debug|Any CPU
		{8AC7F525-2B1D-4CDB-9150-EF6366C55EBC}.Release|Any CPU.ActiveCfg = Release|Any CPU
		{8AC7F525-2B1D-4CDB-9150-EF6366C55EBC}.Release|Any CPU.Build.0 = Release|Any CPU
	EndGlobalSection
	GlobalSection(SolutionProperties) = preSolution
		HideSolutionNode = FALSE
	EndGlobalSection
	GlobalSection(ExtensibilityGlobals) = postSolution
		SolutionGuid = {4FEDD7B8-AD2E-4D3A-AE4A-7DD54B8EEA3A}
	EndGlobalSection
EndGlobal
